
Microsoft Visual Studio Solution File, Format Version 12.00
# Visual Studio Version 16
VisualStudioVersion = 16.0.33328.57
MinimumVisualStudioVersion = 10.0.40219.1
Project("{FAE04EC0-301F-11D3-BF4B-00C04F79EFBC}") = "3주차2", "3주차2\3주차2.csproj", "{839E84ED-A6A5-4AC9-94A1-2640D811E1E3}"
EndProject
Global
	GlobalSection(SolutionConfigurationPlatforms) = preSolution
		Debug|Any CPU = Debug|Any CPU
		Release|Any CPU = Release|Any CPU
	EndGlobalSection
	GlobalSection(ProjectConfigurationPlatforms) = postSolution
		{839E84ED-A6A5-4AC9-94A1-2640D811E1E3}.Debug|Any CPU.ActiveCfg = Debug|Any CPU
		{839E84ED-A6A5-4AC9-94A1-2640D811E1E3}.Debug|Any CPU.Build.0 = Debug|Any CPU
		{839E84ED-A6A5-4AC9-94A1-2640D811E1E3}.Release|Any CPU.ActiveCfg = Release|Any CPU
		{839E84ED-A6A5-4AC9-94A1-2640D811E1E3}.Release|Any CPU.Build.0 = Release|Any CPU
	EndGlobalSection
	GlobalSection(SolutionProperties) = preSolution
		HideSolutionNode = FALSE
	EndGlobalSection
	GlobalSection(ExtensibilityGlobals) = postSolution
		SolutionGuid = {47C3BE1C-62F8-4FCF-8CD4-F8C40BA30F9C}
	EndGlobalSection
EndGlobal
